
Microsoft Visual Studio Solution File, Format Version 12.00
# Visual Studio Version 17
VisualStudioVersion = 17.2.32616.157
MinimumVisualStudioVersion = 10.0.40219.1
Project("{2150E333-8FDC-42A3-9474-1A3956D46DE8}") = "Service", "Service", "{E3B1F306-5E50-4ADE-BE0A-7061ADFBCCAF}"
EndProject
Project("{2150E333-8FDC-42A3-9474-1A3956D46DE8}") = "Catalog", "Catalog", "{C7E15457-BF16-40CB-B633-625ABBA1B254}"
EndProject
Project("{9A19103F-16F7-4668-BE54-9A1E7A4F7556}") = "Catalog.API", "Services\Catalog\Catalog.API\Catalog.API.csproj", "{D27971D4-7E45-48A7-9FD0-9EADA9674713}"
EndProject
Project("{E53339B2-1760-4266-BCC7-CA923CBCF16C}") = "docker-compose", "docker-compose.dcproj", "{7BB596F5-51AB-432E-B66C-8E3375047AC3}"
EndProject
Project("{2150E333-8FDC-42A3-9474-1A3956D46DE8}") = "Basket", "Basket", "{37463EC3-31C4-4347-B7DA-5944FBCC4A97}"
EndProject
Project("{FAE04EC0-301F-11D3-BF4B-00C04F79EFBC}") = "Basket.API", "Services\Basket\Basket.API\Basket.API.csproj", "{809573C6-CE9C-43EC-95CA-F7AC08135DCC}"
EndProject
Project("{2150E333-8FDC-42A3-9474-1A3956D46DE8}") = "Discount", "Discount", "{30FFB0DC-7948-450B-8F45-DDE56745A4ED}"
EndProject
Project("{FAE04EC0-301F-11D3-BF4B-00C04F79EFBC}") = "Discount.API", "Services\Discount\Discount.API\Discount.API.csproj", "{C56A06AE-9105-4718-8A5E-A0FB7501A75D}"
EndProject
Global
	GlobalSection(SolutionConfigurationPlatforms) = preSolution
		Debug|Any CPU = Debug|Any CPU
		Release|Any CPU = Release|Any CPU
	EndGlobalSection
	GlobalSection(ProjectConfigurationPlatforms) = postSolution
		{D27971D4-7E45-48A7-9FD0-9EADA9674713}.Debug|Any CPU.ActiveCfg = Debug|Any CPU
		{D27971D4-7E45-48A7-9FD0-9EADA9674713}.Debug|Any CPU.Build.0 = Debug|Any CPU
		{D27971D4-7E45-48A7-9FD0-9EADA9674713}.Release|Any CPU.ActiveCfg = Release|Any CPU
		{D27971D4-7E45-48A7-9FD0-9EADA9674713}.Release|Any CPU.Build.0 = Release|Any CPU
		{7BB596F5-51AB-432E-B66C-8E3375047AC3}.Debug|Any CPU.ActiveCfg = Debug|Any CPU
		{7BB596F5-51AB-432E-B66C-8E3375047AC3}.Debug|Any CPU.Build.0 = Debug|Any CPU
		{7BB596F5-51AB-432E-B66C-8E3375047AC3}.Release|Any CPU.ActiveCfg = Release|Any CPU
		{7BB596F5-51AB-432E-B66C-8E3375047AC3}.Release|Any CPU.Build.0 = Release|Any CPU
		{809573C6-CE9C-43EC-95CA-F7AC08135DCC}.Debug|Any CPU.ActiveCfg = Debug|Any CPU
		{809573C6-CE9C-43EC-95CA-F7AC08135DCC}.Debug|Any CPU.Build.0 = Debug|Any CPU
		{809573C6-CE9C-43EC-95CA-F7AC08135DCC}.Release|Any CPU.ActiveCfg = Release|Any CPU
		{809573C6-CE9C-43EC-95CA-F7AC08135DCC}.Release|Any CPU.Build.0 = Release|Any CPU
		{C56A06AE-9105-4718-8A5E-A0FB7501A75D}.Debug|Any CPU.ActiveCfg = Debug|Any CPU
		{C56A06AE-9105-4718-8A5E-A0FB7501A75D}.Debug|Any CPU.Build.0 = Debug|Any CPU
		{C56A06AE-9105-4718-8A5E-A0FB7501A75D}.Release|Any CPU.ActiveCfg = Release|Any CPU
		{C56A06AE-9105-4718-8A5E-A0FB7501A75D}.Release|Any CPU.Build.0 = Release|Any CPU
	EndGlobalSection
	GlobalSection(SolutionProperties) = preSolution
		HideSolutionNode = FALSE
	EndGlobalSection
	GlobalSection(NestedProjects) = preSolution
		{C7E15457-BF16-40CB-B633-625ABBA1B254} = {E3B1F306-5E50-4ADE-BE0A-7061ADFBCCAF}
		{D27971D4-7E45-48A7-9FD0-9EADA9674713} = {C7E15457-BF16-40CB-B633-625ABBA1B254}
		{37463EC3-31C4-4347-B7DA-5944FBCC4A97} = {E3B1F306-5E50-4ADE-BE0A-7061ADFBCCAF}
		{809573C6-CE9C-43EC-95CA-F7AC08135DCC} = {37463EC3-31C4-4347-B7DA-5944FBCC4A97}
		{30FFB0DC-7948-450B-8F45-DDE56745A4ED} = {E3B1F306-5E50-4ADE-BE0A-7061ADFBCCAF}
		{C56A06AE-9105-4718-8A5E-A0FB7501A75D} = {30FFB0DC-7948-450B-8F45-DDE56745A4ED}
	EndGlobalSection
	GlobalSection(ExtensibilityGlobals) = postSolution
		SolutionGuid = {F250CE03-5FAD-41A9-B4F1-C84D9E2D1033}
	EndGlobalSection
EndGlobal
